
Microsoft Visual Studio Solution File, Format Version 11.00
# Visual Studio 2010
Project("{FAE04EC0-301F-11D3-BF4B-00C04F79EFBC}") = "SimpleRPG", "Assembly-CSharp.csproj", "{F5457143-300F-2824-55C9-A513F45ADC04}"
EndProject
Project("{FAE04EC0-301F-11D3-BF4B-00C04F79EFBC}") = "SimpleRPG", "Assembly-CSharp-firstpass.csproj", "{5F324233-33F1-2B38-6128-DB8D70C83E8C}"
EndProject
Project("{FAE04EC0-301F-11D3-BF4B-00C04F79EFBC}") = "SimpleRPG", "Assembly-CSharp-Editor-firstpass.csproj", "{4B07A6DF-69C0-2B58-A8E9-E75D8F52DFD5}"
EndProject
Global
	GlobalSection(SolutionConfigurationPlatforms) = preSolution
		Debug|Any CPU = Debug|Any CPU
		Release|Any CPU = Release|Any CPU
	EndGlobalSection
	GlobalSection(ProjectConfigurationPlatforms) = postSolution
		{F5457143-300F-2824-55C9-A513F45ADC04}.Debug|Any CPU.ActiveCfg = Debug|Any CPU
		{F5457143-300F-2824-55C9-A513F45ADC04}.Debug|Any CPU.Build.0 = Debug|Any CPU
		{F5457143-300F-2824-55C9-A513F45ADC04}.Release|Any CPU.ActiveCfg = Release|Any CPU
		{F5457143-300F-2824-55C9-A513F45ADC04}.Release|Any CPU.Build.0 = Release|Any CPU
		{5F324233-33F1-2B38-6128-DB8D70C83E8C}.Debug|Any CPU.ActiveCfg = Debug|Any CPU
		{5F324233-33F1-2B38-6128-DB8D70C83E8C}.Debug|Any CPU.Build.0 = Debug|Any CPU
		{5F324233-33F1-2B38-6128-DB8D70C83E8C}.Release|Any CPU.ActiveCfg = Release|Any CPU
		{5F324233-33F1-2B38-6128-DB8D70C83E8C}.Release|Any CPU.Build.0 = Release|Any CPU
		{4B07A6DF-69C0-2B58-A8E9-E75D8F52DFD5}.Debug|Any CPU.ActiveCfg = Debug|Any CPU
		{4B07A6DF-69C0-2B58-A8E9-E75D8F52DFD5}.Debug|Any CPU.Build.0 = Debug|Any CPU
		{4B07A6DF-69C0-2B58-A8E9-E75D8F52DFD5}.Release|Any CPU.ActiveCfg = Release|Any CPU
		{4B07A6DF-69C0-2B58-A8E9-E75D8F52DFD5}.Release|Any CPU.Build.0 = Release|Any CPU
	EndGlobalSection
	GlobalSection(SolutionProperties) = preSolution
		HideSolutionNode = FALSE
	EndGlobalSection
	GlobalSection(MonoDevelopProperties) = preSolution
		StartupItem = Assembly-CSharp.csproj
	EndGlobalSection
EndGlobal
